{
  "nodes": {
    "flake-utils": {
      "locked": {
        "lastModified": 1601282935,
        "narHash": "sha256-WQAFV6sGGQxrRs3a+/Yj9xUYvhTpukQJIcMbIi7LCJ4=",
        "owner": "numtide",
        "repo": "flake-utils",
        "rev": "588973065fce51f4763287f0fda87a174d78bf48",
        "type": "github"
      },
      "original": {
        "owner": "numtide",
        "repo": "flake-utils",
        "type": "github"
      }
    },
    "mach-nix": {
      "inputs": {
        "flake-utils": "flake-utils",
        "nixpkgs": "nixpkgs",
        "pypi-deps-db": "pypi-deps-db"
      },
      "locked": {
        "lastModified": 1621754806,
        "narHash": "sha256-RvbFjxnnY/+/zEkvQpl85MICmyp9p2EoncjuN80yrYA=",
        "owner": "DavHau",
        "repo": "mach-nix",
        "rev": "773580c35bcdb8cbd0820018d304686282f88d16",
        "type": "github"
      },
      "original": {
        "owner": "DavHau",
        "ref": "3.3.0",
        "repo": "mach-nix",
        "type": "github"
      }
    },
    "nixpkgs": {
      "locked": {
        "lastModified": 1621640932,
        "narHash": "sha256-fXJ+OdiqSzdjFU+wkAciws+m5pEhFjFjjZmCLE6DpO4=",
        "owner": "NixOS",
        "repo": "nixpkgs",
        "rev": "9971c5d1a40d4e9ff8159ec6595cb9e91da7d438",
        "type": "github"
      },
      "original": {
        "owner": "NixOS",
        "ref": "nixos-unstable",
        "repo": "nixpkgs",
        "type": "github"
      }
    },
    "nixpkgs_2": {
      "locked": {
        "lastModified": 1686412476,
        "narHash": "sha256-inl9SVk6o5h75XKC79qrDCAobTD1Jxh6kVYTZKHzewA=",
        "owner": "NixOS",
        "repo": "nixpkgs",
        "rev": "21951114383770f96ae528d0ae68824557768e81",
        "type": "github"
      },
      "original": {
        "owner": "NixOS",
        "ref": "nixos-unstable",
        "repo": "nixpkgs",
        "type": "github"
      }
    },
    "pypi-deps-db": {
      "flake": false,
      "locked": {
        "lastModified": 1621672288,
        "narHash": "sha256-hUOZnSr1ZaTCOUlC8k946RyRjZsfN2w/9jzic0UKj58=",
        "owner": "DavHau",
        "repo": "pypi-deps-db",
        "rev": "19dc04a5c7412431a58a07ceecfe7b3ed3c164a5",
        "type": "github"
      },
      "original": {
        "owner": "DavHau",
        "repo": "pypi-deps-db",
        "type": "github"
      }
    },
    "root": {
      "inputs": {
        "mach-nix": "mach-nix",
        "nixpkgs": "nixpkgs_2"
      }
    }
  },
  "root": "root",
  "version": 7
}
